
Microsoft Visual Studio Solution File, Format Version 12.00
# Visual Studio 2013
VisualStudioVersion = 12.0.31101.0
MinimumVisualStudioVersion = 10.0.40219.1
Project("{2150E333-8FDC-42A3-9474-1A3956D46DE8}") = ".nuget", ".nuget", "{266D40CC-51E4-442D-95B5-DFC53ADC2793}"
	ProjectSection(SolutionItems) = preProject
		.nuget\NuGet.Config = .nuget\NuGet.Config
		.nuget\NuGet.exe = .nuget\NuGet.exe
		.nuget\NuGet.targets = .nuget\NuGet.targets
	EndProjectSection
EndProject
Project("{FAE04EC0-301F-11D3-BF4B-00C04F79EFBC}") = "Sitecore.Takeaway.DistributedDb", "Sitecore.Takeaway.DistributedDb\Sitecore.Takeaway.DistributedDb.csproj", "{25CA052C-6CF8-40EE-A084-6961310EB5BA}"
EndProject
Project("{FAE04EC0-301F-11D3-BF4B-00C04F79EFBC}") = "Sitecore.Rocks.Server.DistributedDb", "Sitecore.Rocks.Server.DistributedDb\Sitecore.Rocks.Server.DistributedDb.csproj", "{8F5FBFF4-761A-468A-9059-39894F2C3A7A}"
EndProject
Project("{FAE04EC0-301F-11D3-BF4B-00C04F79EFBC}") = "Sitecore.Rocks.Plugin.DistributedDb", "Sitecore.Rocks.Plugin.DistributedDb\Sitecore.Rocks.Plugin.DistributedDb.csproj", "{A1EB8959-C65F-484D-B54E-A2FCA7A6A684}"
EndProject
Global
	GlobalSection(SolutionConfigurationPlatforms) = preSolution
		Debug|Any CPU = Debug|Any CPU
		Release|Any CPU = Release|Any CPU
	EndGlobalSection
	GlobalSection(ProjectConfigurationPlatforms) = postSolution
		{25CA052C-6CF8-40EE-A084-6961310EB5BA}.Debug|Any CPU.ActiveCfg = Debug|Any CPU
		{25CA052C-6CF8-40EE-A084-6961310EB5BA}.Debug|Any CPU.Build.0 = Debug|Any CPU
		{25CA052C-6CF8-40EE-A084-6961310EB5BA}.Release|Any CPU.ActiveCfg = Release|Any CPU
		{25CA052C-6CF8-40EE-A084-6961310EB5BA}.Release|Any CPU.Build.0 = Release|Any CPU
		{8F5FBFF4-761A-468A-9059-39894F2C3A7A}.Debug|Any CPU.ActiveCfg = Debug|Any CPU
		{8F5FBFF4-761A-468A-9059-39894F2C3A7A}.Debug|Any CPU.Build.0 = Debug|Any CPU
		{8F5FBFF4-761A-468A-9059-39894F2C3A7A}.Release|Any CPU.ActiveCfg = Release|Any CPU
		{8F5FBFF4-761A-468A-9059-39894F2C3A7A}.Release|Any CPU.Build.0 = Release|Any CPU
		{A1EB8959-C65F-484D-B54E-A2FCA7A6A684}.Debug|Any CPU.ActiveCfg = Debug|Any CPU
		{A1EB8959-C65F-484D-B54E-A2FCA7A6A684}.Debug|Any CPU.Build.0 = Debug|Any CPU
		{A1EB8959-C65F-484D-B54E-A2FCA7A6A684}.Release|Any CPU.ActiveCfg = Release|Any CPU
		{A1EB8959-C65F-484D-B54E-A2FCA7A6A684}.Release|Any CPU.Build.0 = Release|Any CPU
	EndGlobalSection
	GlobalSection(SolutionProperties) = preSolution
		HideSolutionNode = FALSE
	EndGlobalSection
EndGlobal
